
Microsoft Visual Studio Solution File, Format Version 12.00
# Visual Studio Version 17
VisualStudioVersion = 17.9.34728.123
MinimumVisualStudioVersion = 10.0.40219.1
Project("{FAE04EC0-301F-11D3-BF4B-00C04F79EFBC}") = "Ip", "Ip.csproj", "{6AD93E61-DE2D-4657-8568-39746187392E}"
EndProject
Global
	GlobalSection(SolutionConfigurationPlatforms) = preSolution
		Debug|Any CPU = Debug|Any CPU
		Release|Any CPU = Release|Any CPU
	EndGlobalSection
	GlobalSection(ProjectConfigurationPlatforms) = postSolution
		{6AD93E61-DE2D-4657-8568-39746187392E}.Debug|Any CPU.ActiveCfg = Debug|Any CPU
		{6AD93E61-DE2D-4657-8568-39746187392E}.Debug|Any CPU.Build.0 = Debug|Any CPU
		{6AD93E61-DE2D-4657-8568-39746187392E}.Release|Any CPU.ActiveCfg = Release|Any CPU
		{6AD93E61-DE2D-4657-8568-39746187392E}.Release|Any CPU.Build.0 = Release|Any CPU
	EndGlobalSection
	GlobalSection(SolutionProperties) = preSolution
		HideSolutionNode = FALSE
	EndGlobalSection
	GlobalSection(ExtensibilityGlobals) = postSolution
		SolutionGuid = {983A1760-F2AE-41A4-9CFE-C0FE15605431}
	EndGlobalSection
EndGlobal
